{
  "lockfile_version": "1",
  "packages": {
    "elixir@latest": {
      "last_modified": "2024-11-30T03:39:21Z",
      "resolved": "github:NixOS/nixpkgs/4703b8d2c708e13a8cab03d865f90973536dcdf5#elixir",
      "source": "devbox-search",
      "version": "1.17.3",
      "systems": {
        "aarch64-darwin": {
          "outputs": [
            {
              "name": "out",
              "path": "/nix/store/91w79z55qsjkhnbs3a21l3h27va98mf6-elixir-1.17.3",
              "default": true
            }
          ],
          "store_path": "/nix/store/91w79z55qsjkhnbs3a21l3h27va98mf6-elixir-1.17.3"
        },
        "aarch64-linux": {
          "outputs": [
            {
              "name": "out",
              "path": "/nix/store/pz4hk0sp4zj76waaprlfdmvc4xdblz55-elixir-1.17.3",
              "default": true
            }
          ],
          "store_path": "/nix/store/pz4hk0sp4zj76waaprlfdmvc4xdblz55-elixir-1.17.3"
        },
        "x86_64-darwin": {
          "outputs": [
            {
              "name": "out",
              "path": "/nix/store/gnjg57wv71svvqw7s3rxyjc6lkps2r95-elixir-1.17.3",
              "default": true
            }
          ],
          "store_path": "/nix/store/gnjg57wv71svvqw7s3rxyjc6lkps2r95-elixir-1.17.3"
        },
        "x86_64-linux": {
          "outputs": [
            {
              "name": "out",
              "path": "/nix/store/rx7qr8bar4qldx6yg3njvm8hn84d3yyk-elixir-1.17.3",
              "default": true
            }
          ],
          "store_path": "/nix/store/rx7qr8bar4qldx6yg3njvm8hn84d3yyk-elixir-1.17.3"
        }
      }
    },
    "erlang_27@latest": {
      "last_modified": "2024-11-30T03:39:21Z",
      "resolved": "github:NixOS/nixpkgs/4703b8d2c708e13a8cab03d865f90973536dcdf5#erlang_27",
      "source": "devbox-search",
      "version": "27.1.2",
      "systems": {
        "aarch64-darwin": {
          "outputs": [
            {
              "name": "out",
              "path": "/nix/store/20rzkxiib0vb5b40357dm52vi374p6nj-erlang-27.1.2",
              "default": true
            }
          ],
          "store_path": "/nix/store/20rzkxiib0vb5b40357dm52vi374p6nj-erlang-27.1.2"
        },
        "aarch64-linux": {
          "outputs": [
            {
              "name": "out",
              "path": "/nix/store/v6idw8k3hhcrfn2ylqvjy9ixz9ks7ldh-erlang-27.1.2",
              "default": true
            }
          ],
          "store_path": "/nix/store/v6idw8k3hhcrfn2ylqvjy9ixz9ks7ldh-erlang-27.1.2"
        },
        "x86_64-darwin": {
          "outputs": [
            {
              "name": "out",
              "path": "/nix/store/sfj0jzvqfpcgad7yv64hlvb58wgsprd3-erlang-27.1.2",
              "default": true
            }
          ],
          "store_path": "/nix/store/sfj0jzvqfpcgad7yv64hlvb58wgsprd3-erlang-27.1.2"
        },
        "x86_64-linux": {
          "outputs": [
            {
              "name": "out",
              "path": "/nix/store/fq29agv17p1gw44n8qc1ca2mybbs2h8a-erlang-27.1.2",
              "default": true
            }
          ],
          "store_path": "/nix/store/fq29agv17p1gw44n8qc1ca2mybbs2h8a-erlang-27.1.2"
        }
      }
    },
    "gleam@latest": {
      "last_modified": "2024-11-30T03:39:21Z",
      "resolved": "github:NixOS/nixpkgs/4703b8d2c708e13a8cab03d865f90973536dcdf5#gleam",
      "source": "devbox-search",
      "version": "1.6.2",
      "systems": {
        "aarch64-darwin": {
          "outputs": [
            {
              "name": "out",
              "path": "/nix/store/k96asa19f7wzbq2ccsjb9qrjkvldhs13-gleam-1.6.2",
              "default": true
            }
          ],
          "store_path": "/nix/store/k96asa19f7wzbq2ccsjb9qrjkvldhs13-gleam-1.6.2"
        },
        "aarch64-linux": {
          "outputs": [
            {
              "name": "out",
              "path": "/nix/store/8i3fhgyknldb18z1svd94wmklr0h666l-gleam-1.6.2",
              "default": true
            }
          ],
          "store_path": "/nix/store/8i3fhgyknldb18z1svd94wmklr0h666l-gleam-1.6.2"
        },
        "x86_64-darwin": {
          "outputs": [
            {
              "name": "out",
              "path": "/nix/store/syclzxr77myiznng9mfixqbnw91sw68s-gleam-1.6.2",
              "default": true
            }
          ],
          "store_path": "/nix/store/syclzxr77myiznng9mfixqbnw91sw68s-gleam-1.6.2"
        },
        "x86_64-linux": {
          "outputs": [
            {
              "name": "out",
              "path": "/nix/store/r45iqsjqkj86nrzh6nmbdh6rx2889f63-gleam-1.6.2",
              "default": true
            }
          ],
          "store_path": "/nix/store/r45iqsjqkj86nrzh6nmbdh6rx2889f63-gleam-1.6.2"
        }
      }
    },
    "rebar3@latest": {
      "last_modified": "2024-11-30T03:39:21Z",
      "resolved": "github:NixOS/nixpkgs/4703b8d2c708e13a8cab03d865f90973536dcdf5#rebar3",
      "source": "devbox-search",
      "version": "3.24.0",
      "systems": {
        "aarch64-darwin": {
          "outputs": [
            {
              "name": "out",
              "path": "/nix/store/1sgl882kr0wgvscggr289d8gx14qqwg8-rebar3-3.24.0",
              "default": true
            }
          ],
          "store_path": "/nix/store/1sgl882kr0wgvscggr289d8gx14qqwg8-rebar3-3.24.0"
        },
        "aarch64-linux": {
          "outputs": [
            {
              "name": "out",
              "path": "/nix/store/n51val0fsx245nppzzmlfxnvx4rhxdrq-rebar3-3.24.0",
              "default": true
            }
          ],
          "store_path": "/nix/store/n51val0fsx245nppzzmlfxnvx4rhxdrq-rebar3-3.24.0"
        },
        "x86_64-darwin": {
          "outputs": [
            {
              "name": "out",
              "path": "/nix/store/x7k7f8chmvwy0j3azbs7a2bwbl8lycmd-rebar3-3.24.0",
              "default": true
            }
          ],
          "store_path": "/nix/store/x7k7f8chmvwy0j3azbs7a2bwbl8lycmd-rebar3-3.24.0"
        },
        "x86_64-linux": {
          "outputs": [
            {
              "name": "out",
              "path": "/nix/store/g218frw20jl2hcyqsydz8q6fcrw3qzlp-rebar3-3.24.0",
              "default": true
            }
          ],
          "store_path": "/nix/store/g218frw20jl2hcyqsydz8q6fcrw3qzlp-rebar3-3.24.0"
        }
      }
    }
  }
}
